
Microsoft Visual Studio Solution File, Format Version 12.00
# Visual Studio 2013
VisualStudioVersion = 12.0.31101.0
MinimumVisualStudioVersion = 10.0.40219.1
Project("{FAE04EC0-301F-11D3-BF4B-00C04F79EFBC}") = "TestMatrix", "TestMatrix\TestMatrix.csproj", "{9501DBE0-B4C3-4692-854E-BDBBC40A50D1}"
EndProject
Project("{FAE04EC0-301F-11D3-BF4B-00C04F79EFBC}") = "Calc_the_RectSquare", "Calc_the_RectSquare\Calc_the_RectSquare.csproj", "{B3364420-159A-4D33-B418-0D14482D6F5C}"
EndProject
Global
	GlobalSection(SolutionConfigurationPlatforms) = preSolution
		Debug|Any CPU = Debug|Any CPU
		Release|Any CPU = Release|Any CPU
	EndGlobalSection
	GlobalSection(ProjectConfigurationPlatforms) = postSolution
		{9501DBE0-B4C3-4692-854E-BDBBC40A50D1}.Debug|Any CPU.ActiveCfg = Debug|Any CPU
		{9501DBE0-B4C3-4692-854E-BDBBC40A50D1}.Debug|Any CPU.Build.0 = Debug|Any CPU
		{9501DBE0-B4C3-4692-854E-BDBBC40A50D1}.Release|Any CPU.ActiveCfg = Release|Any CPU
		{9501DBE0-B4C3-4692-854E-BDBBC40A50D1}.Release|Any CPU.Build.0 = Release|Any CPU
		{B3364420-159A-4D33-B418-0D14482D6F5C}.Debug|Any CPU.ActiveCfg = Debug|Any CPU
		{B3364420-159A-4D33-B418-0D14482D6F5C}.Debug|Any CPU.Build.0 = Debug|Any CPU
		{B3364420-159A-4D33-B418-0D14482D6F5C}.Release|Any CPU.ActiveCfg = Release|Any CPU
		{B3364420-159A-4D33-B418-0D14482D6F5C}.Release|Any CPU.Build.0 = Release|Any CPU
	EndGlobalSection
	GlobalSection(SolutionProperties) = preSolution
		HideSolutionNode = FALSE
	EndGlobalSection
EndGlobal
